
Microsoft Visual Studio Solution File, Format Version 12.00
# Visual Studio Version 17
VisualStudioVersion = 17.14.36518.9 d17.14
MinimumVisualStudioVersion = 10.0.40219.1
Project("{FAE04EC0-301F-11D3-BF4B-00C04F79EFBC}") = "ColorMatchOutfit", "ColorMatchOutfit\ColorMatchOutfit.csproj", "{0AF66E01-8946-47E9-A0FF-227F559A9BB8}"
EndProject
Global
	GlobalSection(SolutionConfigurationPlatforms) = preSolution
		Debug|Any CPU = Debug|Any CPU
		Release|Any CPU = Release|Any CPU
	EndGlobalSection
	GlobalSection(ProjectConfigurationPlatforms) = postSolution
		{0AF66E01-8946-47E9-A0FF-227F559A9BB8}.Debug|Any CPU.ActiveCfg = Debug|Any CPU
		{0AF66E01-8946-47E9-A0FF-227F559A9BB8}.Debug|Any CPU.Build.0 = Debug|Any CPU
		{0AF66E01-8946-47E9-A0FF-227F559A9BB8}.Release|Any CPU.ActiveCfg = Release|Any CPU
		{0AF66E01-8946-47E9-A0FF-227F559A9BB8}.Release|Any CPU.Build.0 = Release|Any CPU
	EndGlobalSection
	GlobalSection(SolutionProperties) = preSolution
		HideSolutionNode = FALSE
	EndGlobalSection
	GlobalSection(ExtensibilityGlobals) = postSolution
		SolutionGuid = {18781A08-BACC-4C32-B2BF-491CB5030F70}
	EndGlobalSection
EndGlobal
